
Microsoft Visual Studio Solution File, Format Version 12.00
# Visual Studio Version 16
VisualStudioVersion = 16.0.31205.134
MinimumVisualStudioVersion = 10.0.40219.1
Project("{9A19103F-16F7-4668-BE54-9A1E7A4F7556}") = "Pharmacy.API", "Pharmacy\Pharmacy.API.csproj", "{F2E37941-C012-4698-89CE-E2FBA1D03BD0}"
EndProject
Project("{2150E333-8FDC-42A3-9474-1A3956D46DE8}") = "App", "App", "{3E3E305B-3269-4308-BADA-AE1BB62C39B9}"
EndProject
Project("{2150E333-8FDC-42A3-9474-1A3956D46DE8}") = "BusinessRules", "BusinessRules", "{8ED1C934-DC6E-47C4-BC61-09898B20A0A8}"
EndProject
Project("{2150E333-8FDC-42A3-9474-1A3956D46DE8}") = "CrossCutting", "CrossCutting", "{F3D23B74-7484-4CD6-9AF5-0B0B814618C5}"
EndProject
Project("{2150E333-8FDC-42A3-9474-1A3956D46DE8}") = "Domain", "Domain", "{DBCB29F6-460B-4B17-95C3-3009A12FEA0C}"
EndProject
Project("{2150E333-8FDC-42A3-9474-1A3956D46DE8}") = "Infrastructure", "Infrastructure", "{16836482-2237-4DC8-AD49-938036D54E9F}"
EndProject
Project("{2150E333-8FDC-42A3-9474-1A3956D46DE8}") = "Tests", "Tests", "{B9105B07-BC51-4060-B540-0981B9D5D96B}"
EndProject
Project("{9A19103F-16F7-4668-BE54-9A1E7A4F7556}") = "Pharmacy.Services", "Pharmacy.Services\Pharmacy.Services.csproj", "{31E6532A-5FB3-4CBC-BAD6-F6F923B2DE69}"
EndProject
Project("{9A19103F-16F7-4668-BE54-9A1E7A4F7556}") = "Pharmacy.Cryptographic", "Pharmacy.Cryptographic\Pharmacy.Cryptographic.csproj", "{81728DD5-6FB4-4613-92F3-56598C07A8CB}"
EndProject
Project("{9A19103F-16F7-4668-BE54-9A1E7A4F7556}") = "Pharmacy.Extensions", "Pharmacy.Extensions\Pharmacy.Extensions.csproj", "{D4BB299F-F451-4DB6-9840-69295E13D4AF}"
EndProject
Project("{9A19103F-16F7-4668-BE54-9A1E7A4F7556}") = "Pharmacy.Initializer", "Pharmacy.Initializer\Pharmacy.Initializer.csproj", "{94493D00-D902-4264-91B1-229CB86B564F}"
EndProject
Project("{9A19103F-16F7-4668-BE54-9A1E7A4F7556}") = "Pharmacy.DTO", "Pharmacy.DTO\Pharmacy.DTO.csproj", "{5538200E-E7B3-4657-A57B-F940786B4CC2}"
EndProject
Project("{9A19103F-16F7-4668-BE54-9A1E7A4F7556}") = "Pharmacy.MappingDTO", "Pharmacy.MappingDTO\Pharmacy.MappingDTO.csproj", "{5F851A58-648B-4CC2-AF44-CDAA53933AF3}"
EndProject
Project("{9A19103F-16F7-4668-BE54-9A1E7A4F7556}") = "Pharmacy.Model", "Pharmacy.Model\Pharmacy.Model.csproj", "{9E89429A-90C3-4FE9-9256-0DE4CB2EC257}"
EndProject
Project("{9A19103F-16F7-4668-BE54-9A1E7A4F7556}") = "Pharmacy.Infra.Data", "Pharmacy.Infra.Data\Pharmacy.Infra.Data.csproj", "{9ABD33F2-BDDC-4207-B463-59B3A463F2D9}"
EndProject
Project("{9A19103F-16F7-4668-BE54-9A1E7A4F7556}") = "Pharmacy.Infra.Repositories", "Pharmacy.Infra.Repositories\Pharmacy.Infra.Repositories.csproj", "{DA2E5AF4-F03A-481A-863A-168A4B78CB55}"
EndProject
Project("{9A19103F-16F7-4668-BE54-9A1E7A4F7556}") = "Pharmacy.Tests", "Pharmacy.Tests\Pharmacy.Tests.csproj", "{E8716CC2-0FA7-46FF-9ADA-05579251C127}"
EndProject
Global
	GlobalSection(SolutionConfigurationPlatforms) = preSolution
		Debug|Any CPU = Debug|Any CPU
		Release|Any CPU = Release|Any CPU
	EndGlobalSection
	GlobalSection(ProjectConfigurationPlatforms) = postSolution
		{F2E37941-C012-4698-89CE-E2FBA1D03BD0}.Debug|Any CPU.ActiveCfg = Debug|Any CPU
		{F2E37941-C012-4698-89CE-E2FBA1D03BD0}.Debug|Any CPU.Build.0 = Debug|Any CPU
		{F2E37941-C012-4698-89CE-E2FBA1D03BD0}.Release|Any CPU.ActiveCfg = Release|Any CPU
		{F2E37941-C012-4698-89CE-E2FBA1D03BD0}.Release|Any CPU.Build.0 = Release|Any CPU
		{31E6532A-5FB3-4CBC-BAD6-F6F923B2DE69}.Debug|Any CPU.ActiveCfg = Debug|Any CPU
		{31E6532A-5FB3-4CBC-BAD6-F6F923B2DE69}.Debug|Any CPU.Build.0 = Debug|Any CPU
		{31E6532A-5FB3-4CBC-BAD6-F6F923B2DE69}.Release|Any CPU.ActiveCfg = Release|Any CPU
		{31E6532A-5FB3-4CBC-BAD6-F6F923B2DE69}.Release|Any CPU.Build.0 = Release|Any CPU
		{81728DD5-6FB4-4613-92F3-56598C07A8CB}.Debug|Any CPU.ActiveCfg = Debug|Any CPU
		{81728DD5-6FB4-4613-92F3-56598C07A8CB}.Debug|Any CPU.Build.0 = Debug|Any CPU
		{81728DD5-6FB4-4613-92F3-56598C07A8CB}.Release|Any CPU.ActiveCfg = Release|Any CPU
		{81728DD5-6FB4-4613-92F3-56598C07A8CB}.Release|Any CPU.Build.0 = Release|Any CPU
		{D4BB299F-F451-4DB6-9840-69295E13D4AF}.Debug|Any CPU.ActiveCfg = Debug|Any CPU
		{D4BB299F-F451-4DB6-9840-69295E13D4AF}.Debug|Any CPU.Build.0 = Debug|Any CPU
		{D4BB299F-F451-4DB6-9840-69295E13D4AF}.Release|Any CPU.ActiveCfg = Release|Any CPU
		{D4BB299F-F451-4DB6-9840-69295E13D4AF}.Release|Any CPU.Build.0 = Release|Any CPU
		{94493D00-D902-4264-91B1-229CB86B564F}.Debug|Any CPU.ActiveCfg = Debug|Any CPU
		{94493D00-D902-4264-91B1-229CB86B564F}.Debug|Any CPU.Build.0 = Debug|Any CPU
		{94493D00-D902-4264-91B1-229CB86B564F}.Release|Any CPU.ActiveCfg = Release|Any CPU
		{94493D00-D902-4264-91B1-229CB86B564F}.Release|Any CPU.Build.0 = Release|Any CPU
		{5538200E-E7B3-4657-A57B-F940786B4CC2}.Debug|Any CPU.ActiveCfg = Debug|Any CPU
		{5538200E-E7B3-4657-A57B-F940786B4CC2}.Debug|Any CPU.Build.0 = Debug|Any CPU
		{5538200E-E7B3-4657-A57B-F940786B4CC2}.Release|Any CPU.ActiveCfg = Release|Any CPU
		{5538200E-E7B3-4657-A57B-F940786B4CC2}.Release|Any CPU.Build.0 = Release|Any CPU
		{5F851A58-648B-4CC2-AF44-CDAA53933AF3}.Debug|Any CPU.ActiveCfg = Debug|Any CPU
		{5F851A58-648B-4CC2-AF44-CDAA53933AF3}.Debug|Any CPU.Build.0 = Debug|Any CPU
		{5F851A58-648B-4CC2-AF44-CDAA53933AF3}.Release|Any CPU.ActiveCfg = Release|Any CPU
		{5F851A58-648B-4CC2-AF44-CDAA53933AF3}.Release|Any CPU.Build.0 = Release|Any CPU
		{9E89429A-90C3-4FE9-9256-0DE4CB2EC257}.Debug|Any CPU.ActiveCfg = Debug|Any CPU
		{9E89429A-90C3-4FE9-9256-0DE4CB2EC257}.Debug|Any CPU.Build.0 = Debug|Any CPU
		{9E89429A-90C3-4FE9-9256-0DE4CB2EC257}.Release|Any CPU.ActiveCfg = Release|Any CPU
		{9E89429A-90C3-4FE9-9256-0DE4CB2EC257}.Release|Any CPU.Build.0 = Release|Any CPU
		{9ABD33F2-BDDC-4207-B463-59B3A463F2D9}.Debug|Any CPU.ActiveCfg = Debug|Any CPU
		{9ABD33F2-BDDC-4207-B463-59B3A463F2D9}.Debug|Any CPU.Build.0 = Debug|Any CPU
		{9ABD33F2-BDDC-4207-B463-59B3A463F2D9}.Release|Any CPU.ActiveCfg = Release|Any CPU
		{9ABD33F2-BDDC-4207-B463-59B3A463F2D9}.Release|Any CPU.Build.0 = Release|Any CPU
		{DA2E5AF4-F03A-481A-863A-168A4B78CB55}.Debug|Any CPU.ActiveCfg = Debug|Any CPU
		{DA2E5AF4-F03A-481A-863A-168A4B78CB55}.Debug|Any CPU.Build.0 = Debug|Any CPU
		{DA2E5AF4-F03A-481A-863A-168A4B78CB55}.Release|Any CPU.ActiveCfg = Release|Any CPU
		{DA2E5AF4-F03A-481A-863A-168A4B78CB55}.Release|Any CPU.Build.0 = Release|Any CPU
		{E8716CC2-0FA7-46FF-9ADA-05579251C127}.Debug|Any CPU.ActiveCfg = Debug|Any CPU
		{E8716CC2-0FA7-46FF-9ADA-05579251C127}.Debug|Any CPU.Build.0 = Debug|Any CPU
		{E8716CC2-0FA7-46FF-9ADA-05579251C127}.Release|Any CPU.ActiveCfg = Release|Any CPU
		{E8716CC2-0FA7-46FF-9ADA-05579251C127}.Release|Any CPU.Build.0 = Release|Any CPU
	EndGlobalSection
	GlobalSection(SolutionProperties) = preSolution
		HideSolutionNode = FALSE
	EndGlobalSection
	GlobalSection(NestedProjects) = preSolution
		{F2E37941-C012-4698-89CE-E2FBA1D03BD0} = {3E3E305B-3269-4308-BADA-AE1BB62C39B9}
		{31E6532A-5FB3-4CBC-BAD6-F6F923B2DE69} = {8ED1C934-DC6E-47C4-BC61-09898B20A0A8}
		{81728DD5-6FB4-4613-92F3-56598C07A8CB} = {F3D23B74-7484-4CD6-9AF5-0B0B814618C5}
		{D4BB299F-F451-4DB6-9840-69295E13D4AF} = {F3D23B74-7484-4CD6-9AF5-0B0B814618C5}
		{94493D00-D902-4264-91B1-229CB86B564F} = {F3D23B74-7484-4CD6-9AF5-0B0B814618C5}
		{5538200E-E7B3-4657-A57B-F940786B4CC2} = {DBCB29F6-460B-4B17-95C3-3009A12FEA0C}
		{5F851A58-648B-4CC2-AF44-CDAA53933AF3} = {DBCB29F6-460B-4B17-95C3-3009A12FEA0C}
		{9E89429A-90C3-4FE9-9256-0DE4CB2EC257} = {DBCB29F6-460B-4B17-95C3-3009A12FEA0C}
		{9ABD33F2-BDDC-4207-B463-59B3A463F2D9} = {16836482-2237-4DC8-AD49-938036D54E9F}
		{DA2E5AF4-F03A-481A-863A-168A4B78CB55} = {16836482-2237-4DC8-AD49-938036D54E9F}
		{E8716CC2-0FA7-46FF-9ADA-05579251C127} = {B9105B07-BC51-4060-B540-0981B9D5D96B}
	EndGlobalSection
	GlobalSection(ExtensibilityGlobals) = postSolution
		SolutionGuid = {F6368D26-15B7-44E3-BC1D-9FB86CB6632B}
	EndGlobalSection
EndGlobal
